
Microsoft Visual Studio Solution File, Format Version 12.00
# Visual Studio 15
VisualStudioVersion = 15.0.26730.3
MinimumVisualStudioVersion = 10.0.40219.1
Project("{FAE04EC0-301F-11D3-BF4B-00C04F79EFBC}") = "HarperDB_driver_dotnetframework_test", "HarperDB_driver_dotnetframework_test\HarperDB_driver_dotnetframework_test.csproj", "{DDD44F85-E894-44D8-BF18-B14D53D73218}"
EndProject
Global
	GlobalSection(SolutionConfigurationPlatforms) = preSolution
		Debug|Any CPU = Debug|Any CPU
		Release|Any CPU = Release|Any CPU
	EndGlobalSection
	GlobalSection(ProjectConfigurationPlatforms) = postSolution
		{DDD44F85-E894-44D8-BF18-B14D53D73218}.Debug|Any CPU.ActiveCfg = Debug|Any CPU
		{DDD44F85-E894-44D8-BF18-B14D53D73218}.Debug|Any CPU.Build.0 = Debug|Any CPU
		{DDD44F85-E894-44D8-BF18-B14D53D73218}.Release|Any CPU.ActiveCfg = Release|Any CPU
		{DDD44F85-E894-44D8-BF18-B14D53D73218}.Release|Any CPU.Build.0 = Release|Any CPU
	EndGlobalSection
	GlobalSection(SolutionProperties) = preSolution
		HideSolutionNode = FALSE
	EndGlobalSection
	GlobalSection(ExtensibilityGlobals) = postSolution
		SolutionGuid = {6A5F1086-3BA6-4F21-93C9-8291A83A074B}
	EndGlobalSection
EndGlobal
